// !$*UTF8*$!
{
	archiveVersion = 1;
	classes = {
	};
	objectVersion = 46;
	objects = {

/* Begin PBXBuildFile section */
		0181C36C1F62D5A8001288B0 /* main.m in Sources */ = {isa = PBXBuildFile; fileRef = 0181C36B1F62D5A8001288B0 /* main.m */; };
		0181C36F1F62D5A8001288B0 /* AppDelegate.m in Sources */ = {isa = PBXBuildFile; fileRef = 0181C36E1F62D5A8001288B0 /* AppDelegate.m */; };
		0181C3721F62D5A8001288B0 /* ViewController.m in Sources */ = {isa = PBXBuildFile; fileRef = 0181C3711F62D5A8001288B0 /* ViewController.m */; };
		0181C3751F62D5A8001288B0 /* Main.storyboard in Resources */ = {isa = PBXBuildFile; fileRef = 0181C3731F62D5A8001288B0 /* Main.storyboard */; };
		0181C3771F62D5A8001288B0 /* Assets.xcassets in Resources */ = {isa = PBXBuildFile; fileRef = 0181C3761F62D5A8001288B0 /* Assets.xcassets */; };
		0181C37A1F62D5A8001288B0 /* LaunchScreen.storyboard in Resources */ = {isa = PBXBuildFile; fileRef = 0181C3781F62D5A8001288B0 /* LaunchScreen.storyboard */; };
		0181C3851F62D5A9001288B0 /* CYCommonFormTests.m in Sources */ = {isa = PBXBuildFile; fileRef = 0181C3841F62D5A9001288B0 /* CYCommonFormTests.m */; };
		0181C3901F62D5A9001288B0 /* CYCommonFormUITests.m in Sources */ = {isa = PBXBuildFile; fileRef = 0181C38F1F62D5A9001288B0 /* CYCommonFormUITests.m */; };
/* End PBXBuildFile section */

/* Begin PBXContainerItemProxy section */
		0181C3811F62D5A9001288B0 /* PBXContainerItemProxy */ = {
			isa = PBXContainerItemProxy;
			containerPortal = 0181C35F1F62D5A8001288B0 /* Project object */;
			proxyType = 1;
			remoteGlobalIDString = 0181C3661F62D5A8001288B0;
			remoteInfo = CYCommonForm;
		};
		0181C38C1F62D5A9001288B0 /* PBXContainerItemProxy */ = {
			isa = PBXContainerItemProxy;
			containerPortal = 0181C35F1F62D5A8001288B0 /* Project object */;
			proxyType = 1;
			remoteGlobalIDString = 0181C3661F62D5A8001288B0;
			remoteInfo = CYCommonForm;
		};
/* End PBXContainerItemProxy section */

/* Begin PBXFileReference section */
		0181C3671F62D5A8001288B0 /* CYCommonForm.app */ = {isa = PBXFileReference; explicitFileType = wrapper.application; includeInIndex = 0; path = CYCommonForm.app; sourceTree = BUILT_PRODUCTS_DIR; };
		0181C36B1F62D5A8001288B0 /* main.m */ = {isa = PBXFileReference; lastKnownFileType = sourcecode.c.objc; path = main.m; sourceTree = "<group>"; };
		0181C36D1F62D5A8001288B0 /* AppDelegate.h */ = {isa = PBXFileReference; lastKnownFileType = sourcecode.c.h; path = AppDelegate.h; sourceTree = "<group>"; };
		0181C36E1F62D5A8001288B0 /* AppDelegate.m */ = {isa = PBXFileReference; lastKnownFileType = sourcecode.c.objc; path = AppDelegate.m; sourceTree = "<group>"; };
		0181C3701F62D5A8001288B0 /* ViewController.h */ = {isa = PBXFileReference; lastKnownFileType = sourcecode.c.h; path = ViewController.h; sourceTree = "<group>"; };
		0181C3711F62D5A8001288B0 /* ViewController.m */ = {isa = PBXFileReference; lastKnownFileType = sourcecode.c.objc; path = ViewController.m; sourceTree = "<group>"; };
		0181C3741F62D5A8001288B0 /* Base */ = {isa = PBXFileReference; lastKnownFileType = file.storyboard; name = Base; path = Base.lproj/Main.storyboard; sourceTree = "<group>"; };
		0181C3761F62D5A8001288B0 /* Assets.xcassets */ = {isa = PBXFileReference; lastKnownFileType = folder.assetcatalog; path = Assets.xcassets; sourceTree = "<group>"; };
		0181C3791F62D5A8001288B0 /* Base */ = {isa = PBXFileReference; lastKnownFileType = file.storyboard; name = Base; path = Base.lproj/LaunchScreen.storyboard; sourceTree = "<group>"; };
		0181C37B1F62D5A8001288B0 /* Info.plist */ = {isa = PBXFileReference; lastKnownFileType = text.plist.xml; path = Info.plist; sourceTree = "<group>"; };
		0181C3801F62D5A9001288B0 /* CYCommonFormTests.xctest */ = {isa = PBXFileReference; explicitFileType = wrapper.cfbundle; includeInIndex = 0; path = CYCommonFormTests.xctest; sourceTree = BUILT_PRODUCTS_DIR; };
		0181C3841F62D5A9001288B0 /* CYCommonFormTests.m */ = {isa = PBXFileReference; lastKnownFileType = sourcecode.c.objc; path = CYCommonFormTests.m; sourceTree = "<group>"; };
		0181C3861F62D5A9001288B0 /* Info.plist */ = {isa = PBXFileReference; lastKnownFileType = text.plist.xml; path = Info.plist; sourceTree = "<group>"; };
		0181C38B1F62D5A9001288B0 /* CYCommonFormUITests.xctest */ = {isa = PBXFileReference; explicitFileType = wrapper.cfbundle; includeInIndex = 0; path = CYCommonFormUITests.xctest; sourceTree = BUILT_PRODUCTS_DIR; };
		0181C38F1F62D5A9001288B0 /* CYCommonFormUITests.m */ = {isa = PBXFileReference; lastKnownFileType = sourcecode.c.objc; path = CYCommonFormUITests.m; sourceTree = "<group>"; };
		0181C3911F62D5A9001288B0 /* Info.plist */ = {isa = PBXFileReference; lastKnownFileType = text.plist.xml; path = Info.plist; sourceTree = "<group>"; };
/* End PBXFileReference section */

/* Begin PBXFrameworksBuildPhase section */
		0181C3641F62D5A8001288B0 /* Frameworks */ = {
			isa = PBXFrameworksBuildPhase;
			buildActionMask = 2147483647;
			files = (
			);
			runOnlyForDeploymentPostprocessing = 0;
		};
		0181C37D1F62D5A9001288B0 /* Frameworks */ = {
			isa = PBXFrameworksBuildPhase;
			buildActionMask = 2147483647;
			files = (
			);
			runOnlyForDeploymentPostprocessing = 0;
		};
		0181C3881F62D5A9001288B0 /* Frameworks */ = {
			isa = PBXFrameworksBuildPhase;
			buildActionMask = 2147483647;
			files = (
			);
			runOnlyForDeploymentPostprocessing = 0;
		};
/* End PBXFrameworksBuildPhase section */

/* Begin PBXGroup section */
		0181C35E1F62D5A8001288B0 = {
			isa = PBXGroup;
			children = (
				0181C3691F62D5A8001288B0 /* CYCommonForm */,
				0181C3831F62D5A9001288B0 /* CYCommonFormTests */,
				0181C38E1F62D5A9001288B0 /* CYCommonFormUITests */,
				0181C3681F62D5A8001288B0 /* Products */,
			);
			sourceTree = "<group>";
		};
		0181C3681F62D5A8001288B0 /* Products */ = {
			isa = PBXGroup;
			children = (
				0181C3671F62D5A8001288B0 /* CYCommonForm.app */,
				0181C3801F62D5A9001288B0 /* CYCommonFormTests.xctest */,
				0181C38B1F62D5A9001288B0 /* CYCommonFormUITests.xctest */,
			);
			name = Products;
			sourceTree = "<group>";
		};
		0181C3691F62D5A8001288B0 /* CYCommonForm */ = {
			isa = PBXGroup;
			children = (
				0181C36D1F62D5A8001288B0 /* AppDelegate.h */,
				0181C36E1F62D5A8001288B0 /* AppDelegate.m */,
				0181C3701F62D5A8001288B0 /* ViewController.h */,
				0181C3711F62D5A8001288B0 /* ViewController.m */,
				0181C3731F62D5A8001288B0 /* Main.storyboard */,
				0181C3761F62D5A8001288B0 /* Assets.xcassets */,
				0181C3781F62D5A8001288B0 /* LaunchScreen.storyboard */,
				0181C37B1F62D5A8001288B0 /* Info.plist */,
				0181C36A1F62D5A8001288B0 /* Supporting Files */,
			);
			path = CYCommonForm;
			sourceTree = "<group>";
		};
		0181C36A1F62D5A8001288B0 /* Supporting Files */ = {
			isa = PBXGroup;
			children = (
				0181C36B1F62D5A8001288B0 /* main.m */,
			);
			name = "Supporting Files";
			sourceTree = "<group>";
		};
		0181C3831F62D5A9001288B0 /* CYCommonFormTests */ = {
			isa = PBXGroup;
			children = (
				0181C3841F62D5A9001288B0 /* CYCommonFormTests.m */,
				0181C3861F62D5A9001288B0 /* Info.plist */,
			);
			path = CYCommonFormTests;
			sourceTree = "<group>";
		};
		0181C38E1F62D5A9001288B0 /* CYCommonFormUITests */ = {
			isa = PBXGroup;
			children = (
				0181C38F1F62D5A9001288B0 /* CYCommonFormUITests.m */,
				0181C3911F62D5A9001288B0 /* Info.plist */,
			);
			path = CYCommonFormUITests;
			sourceTree = "<group>";
		};
/* End PBXGroup section */

/* Begin PBXNativeTarget section */
		0181C3661F62D5A8001288B0 /* CYCommonForm */ = {
			isa = PBXNativeTarget;
			buildConfigurationList = 0181C3941F62D5A9001288B0 /* Build configuration list for PBXNativeTarget "CYCommonForm" */;
			buildPhases = (
				0181C3631F62D5A8001288B0 /* Sources */,
				0181C3641F62D5A8001288B0 /* Frameworks */,
				0181C3651F62D5A8001288B0 /* Resources */,
			);
			buildRules = (
			);
			dependencies = (
			);
			name = CYCommonForm;
			productName = CYCommonForm;
			productReference = 0181C3671F62D5A8001288B0 /* CYCommonForm.app */;
			productType = "com.apple.product-type.application";
		};
		0181C37F1F62D5A9001288B0 /* CYCommonFormTests */ = {
			isa = PBXNativeTarget;
			buildConfigurationList = 0181C3971F62D5A9001288B0 /* Build configuration list for PBXNativeTarget "CYCommonFormTests" */;
			buildPhases = (
				0181C37C1F62D5A9001288B0 /* Sources */,
				0181C37D1F62D5A9001288B0 /* Frameworks */,
				0181C37E1F62D5A9001288B0 /* Resources */,
			);
			buildRules = (
			);
			dependencies = (
				0181C3821F62D5A9001288B0 /* PBXTargetDependency */,
			);
			name = CYCommonFormTests;
			productName = CYCommonFormTests;
			productReference = 0181C3801F62D5A9001288B0 /* CYCommonFormTests.xctest */;
			productType = "com.apple.product-type.bundle.unit-test";
		};
		0181C38A1F62D5A9001288B0 /* CYCommonFormUITests */ = {
			isa = PBXNativeTarget;
			buildConfigurationList = 0181C39A1F62D5A9001288B0 /* Build configuration list for PBXNativeTarget "CYCommonFormUITests" */;
			buildPhases = (
				0181C3871F62D5A9001288B0 /* Sources */,
				0181C3881F62D5A9001288B0 /* Frameworks */,
				0181C3891F62D5A9001288B0 /* Resources */,
			);
			buildRules = (
			);
			dependencies = (
				0181C38D1F62D5A9001288B0 /* PBXTargetDependency */,
			);
			name = CYCommonFormUITests;
			productName = CYCommonFormUITests;
			productReference = 0181C38B1F62D5A9001288B0 /* CYCommonFormUITests.xctest */;
			productType = "com.apple.product-type.bundle.ui-testing";
		};
/* End PBXNativeTarget section */

/* Begin PBXProject section */
		0181C35F1F62D5A8001288B0 /* Project object */ = {
			isa = PBXProject;
			attributes = {
				LastUpgradeCheck = 0830;
				ORGANIZATIONNAME = com.jiemu.commonForm;
				TargetAttributes = {
					0181C3661F62D5A8001288B0 = {
						CreatedOnToolsVersion = 8.3.3;
						DevelopmentTeam = 6W64PKR2XE;
						ProvisioningStyle = Automatic;
					};
					0181C37F1F62D5A9001288B0 = {
						CreatedOnToolsVersion = 8.3.3;
						DevelopmentTeam = 6W64PKR2XE;
						ProvisioningStyle = Automatic;
						TestTargetID = 0181C3661F62D5A8001288B0;
					};
					0181C38A1F62D5A9001288B0 = {
						CreatedOnToolsVersion = 8.3.3;
						DevelopmentTeam = 6W64PKR2XE;
						ProvisioningStyle = Automatic;
						TestTargetID = 0181C3661F62D5A8001288B0;
					};
				};
			};
			buildConfigurationList = 0181C3621F62D5A8001288B0 /* Build configuration list for PBXProject "CYCommonForm" */;
			compatibilityVersion = "Xcode 3.2";
			developmentRegion = English;
			hasScannedForEncodings = 0;
			knownRegions = (
				en,
				Base,
			);
			mainGroup = 0181C35E1F62D5A8001288B0;
			productRefGroup = 0181C3681F62D5A8001288B0 /* Products */;
			projectDirPath = "";
			projectRoot = "";
			targets = (
				0181C3661F62D5A8001288B0 /* CYCommonForm */,
				0181C37F1F62D5A9001288B0 /* CYCommonFormTests */,
				0181C38A1F62D5A9001288B0 /* CYCommonFormUITests */,
			);
		};
/* End PBXProject section */

/* Begin PBXResourcesBuildPhase section */
		0181C3651F62D5A8001288B0 /* Resources */ = {
			isa = PBXResourcesBuildPhase;
			buildActionMask = 2147483647;
			files = (
				0181C37A1F62D5A8001288B0 /* LaunchScreen.storyboard in Resources */,
				0181C3771F62D5A8001288B0 /* Assets.xcassets in Resources */,
				0181C3751F62D5A8001288B0 /* Main.storyboard in Resources */,
			);
			runOnlyForDeploymentPostprocessing = 0;
		};
		0181C37E1F62D5A9001288B0 /* Resources */ = {
			isa = PBXResourcesBuildPhase;
			buildActionMask = 2147483647;
			files = (
			);
			runOnlyForDeploymentPostprocessing = 0;
		};
		0181C3891F62D5A9001288B0 /* Resources */ = {
			isa = PBXResourcesBuildPhase;
			buildActionMask = 2147483647;
			files = (
			);
			runOnlyForDeploymentPostprocessing = 0;
		};
/* End PBXResourcesBuildPhase section */

/* Begin PBXSourcesBuildPhase section */
		0181C3631F62D5A8001288B0 /* Sources */ = {
			isa = PBXSourcesBuildPhase;
			buildActionMask = 2147483647;
			files = (
				0181C3721F62D5A8001288B0 /* ViewController.m in Sources */,
				0181C36F1F62D5A8001288B0 /* AppDelegate.m in Sources */,
				0181C36C1F62D5A8001288B0 /* main.m in Sources */,
			);
			runOnlyForDeploymentPostprocessing = 0;
		};
		0181C37C1F62D5A9001288B0 /* Sources */ = {
			isa = PBXSourcesBuildPhase;
			buildActionMask = 2147483647;
			files = (
				0181C3851F62D5A9001288B0 /* CYCommonFormTests.m in Sources */,
			);
			runOnlyForDeploymentPostprocessing = 0;
		};
		0181C3871F62D5A9001288B0 /* Sources */ = {
			isa = PBXSourcesBuildPhase;
			buildActionMask = 2147483647;
			files = (
				0181C3901F62D5A9001288B0 /* CYCommonFormUITests.m in Sources */,
			);
			runOnlyForDeploymentPostprocessing = 0;
		};
/* End PBXSourcesBuildPhase section */

/* Begin PBXTargetDependency section */
		0181C3821F62D5A9001288B0 /* PBXTargetDependency */ = {
			isa = PBXTargetDependency;
			target = 0181C3661F62D5A8001288B0 /* CYCommonForm */;
			targetProxy = 0181C3811F62D5A9001288B0 /* PBXContainerItemProxy */;
		};
		0181C38D1F62D5A9001288B0 /* PBXTargetDependency */ = {
			isa = PBXTargetDependency;
			target = 0181C3661F62D5A8001288B0 /* CYCommonForm */;
			targetProxy = 0181C38C1F62D5A9001288B0 /* PBXContainerItemProxy */;
		};
/* End PBXTargetDependency section */

/* Begin PBXVariantGroup section */
		0181C3731F62D5A8001288B0 /* Main.storyboard */ = {
			isa = PBXVariantGroup;
			children = (
				0181C3741F62D5A8001288B0 /* Base */,
			);
			name = Main.storyboard;
			sourceTree = "<group>";
		};
		0181C3781F62D5A8001288B0 /* LaunchScreen.storyboard */ = {
			isa = PBXVariantGroup;
			children = (
				0181C3791F62D5A8001288B0 /* Base */,
			);
			name = LaunchScreen.storyboard;
			sourceTree = "<group>";
		};
/* End PBXVariantGroup section */

/* Begin XCBuildConfiguration section */
		0181C3921F62D5A9001288B0 /* Debug */ = {
			isa = XCBuildConfiguration;
			buildSettings = {
				ALWAYS_SEARCH_USER_PATHS = NO;
				CLANG_ANALYZER_NONNULL = YES;
				CLANG_ANALYZER_NUMBER_OBJECT_CONVERSION = YES_AGGRESSIVE;
				CLANG_CXX_LANGUAGE_STANDARD = "gnu++0x";
				CLANG_CXX_LIBRARY = "libc++";
				CLANG_ENABLE_MODULES = YES;
				CLANG_ENABLE_OBJC_ARC = YES;
				CLANG_WARN_BOOL_CONVERSION = YES;
				CLANG_WARN_CONSTANT_CONVERSION = YES;
				CLANG_WARN_DIRECT_OBJC_ISA_USAGE = YES_ERROR;
				CLANG_WARN_DOCUMENTATION_COMMENTS = YES;
				CLANG_WARN_EMPTY_BODY = YES;
				CLANG_WARN_ENUM_CONVERSION = YES;
				CLANG_WARN_INFINITE_RECURSION = YES;
				CLANG_WARN_INT_CONVERSION = YES;
				CLANG_WARN_OBJC_ROOT_CLASS = YES_ERROR;
				CLANG_WARN_SUSPICIOUS_MOVE = YES;
				CLANG_WARN_UNREACHABLE_CODE = YES;
				CLANG_WARN__DUPLICATE_METHOD_MATCH = YES;
				"CODE_SIGN_IDENTITY[sdk=iphoneos*]" = "iPhone Developer";
				COPY_PHASE_STRIP = NO;
				DEBUG_INFORMATION_FORMAT = dwarf;
				ENABLE_STRICT_OBJC_MSGSEND = YES;
				ENABLE_TESTABILITY = YES;
				GCC_C_LANGUAGE_STANDARD = gnu99;
				GCC_DYNAMIC_NO_PIC = NO;
				GCC_NO_COMMON_BLOCKS = YES;
				GCC_OPTIMIZATION_LEVEL = 0;
				GCC_PREPROCESSOR_DEFINITIONS = (
					"DEBUG=1",
					"$(inherited)",
				);
				GCC_WARN_64_TO_32_BIT_CONVERSION = YES;
				GCC_WARN_ABOUT_RETURN_TYPE = YES_ERROR;
				GCC_WARN_UNDECLARED_SELECTOR = YES;
				GCC_WARN_UNINITIALIZED_AUTOS = YES_AGGRESSIVE;
				GCC_WARN_UNUSED_FUNCTION = YES;
				GCC_WARN_UNUSED_VARIABLE = YES;
				IPHONEOS_DEPLOYMENT_TARGET = 10.3;
				MTL_ENABLE_DEBUG_INFO = YES;
				ONLY_ACTIVE_ARCH = YES;
				SDKROOT = iphoneos;
			};
			name = Debug;
		};
		0181C3931F62D5A9001288B0 /* Release */ = {
			isa = XCBuildConfiguration;
			buildSettings = {
				ALWAYS_SEARCH_USER_PATHS = NO;
				CLANG_ANALYZER_NONNULL = YES;
				CLANG_ANALYZER_NUMBER_OBJECT_CONVERSION = YES_AGGRESSIVE;
				CLANG_CXX_LANGUAGE_STANDARD = "gnu++0x";
				CLANG_CXX_LIBRARY = "libc++";
				CLANG_ENABLE_MODULES = YES;
				CLANG_ENABLE_OBJC_ARC = YES;
				CLANG_WARN_BOOL_CONVERSION = YES;
				CLANG_WARN_CONSTANT_CONVERSION = YES;
				CLANG_WARN_DIRECT_OBJC_ISA_USAGE = YES_ERROR;
				CLANG_WARN_DOCUMENTATION_COMMENTS = YES;
				CLANG_WARN_EMPTY_BODY = YES;
				CLANG_WARN_ENUM_CONVERSION = YES;
				CLANG_WARN_INFINITE_RECURSION = YES;
				CLANG_WARN_INT_CONVERSION = YES;
				CLANG_WARN_OBJC_ROOT_CLASS = YES_ERROR;
				CLANG_WARN_SUSPICIOUS_MOVE = YES;
				CLANG_WARN_UNREACHABLE_CODE = YES;
				CLANG_WARN__DUPLICATE_METHOD_MATCH = YES;
				"CODE_SIGN_IDENTITY[sdk=iphoneos*]" = "iPhone Developer";
				COPY_PHASE_STRIP = NO;
				DEBUG_INFORMATION_FORMAT = "dwarf-with-dsym";
				ENABLE_NS_ASSERTIONS = NO;
				ENABLE_STRICT_OBJC_MSGSEND = YES;
				GCC_C_LANGUAGE_STANDARD = gnu99;
				GCC_NO_COMMON_BLOCKS = YES;
				GCC_WARN_64_TO_32_BIT_CONVERSION = YES;
				GCC_WARN_ABOUT_RETURN_TYPE = YES_ERROR;
				GCC_WARN_UNDECLARED_SELECTOR = YES;
				GCC_WARN_UNINITIALIZED_AUTOS = YES_AGGRESSIVE;
				GCC_WARN_UNUSED_FUNCTION = YES;
				GCC_WARN_UNUSED_VARIABLE = YES;
				IPHONEOS_DEPLOYMENT_TARGET = 10.3;
				MTL_ENABLE_DEBUG_INFO = NO;
				SDKROOT = iphoneos;
				VALIDATE_PRODUCT = YES;
			};
			name = Release;
		};
		0181C3951F62D5A9001288B0 /* Debug */ = {
			isa = XCBuildConfiguration;
			buildSettings = {
				ASSETCATALOG_COMPILER_APPICON_NAME = AppIcon;
				DEVELOPMENT_TEAM = 6W64PKR2XE;
				INFOPLIST_FILE = CYCommonForm/Info.plist;
				LD_RUNPATH_SEARCH_PATHS = "$(inherited) @executable_path/Frameworks";
				PRODUCT_BUNDLE_IDENTIFIER = com.jiemu.commonForm.CYCommonForm;
				PRODUCT_NAME = "$(TARGET_NAME)";
			};
			name = Debug;
		};
		0181C3961F62D5A9001288B0 /* Release */ = {
			isa = XCBuildConfiguration;
			buildSettings = {
				ASSETCATALOG_COMPILER_APPICON_NAME = AppIcon;
				DEVELOPMENT_TEAM = 6W64PKR2XE;
				INFOPLIST_FILE = CYCommonForm/Info.plist;
				LD_RUNPATH_SEARCH_PATHS = "$(inherited) @executable_path/Frameworks";
				PRODUCT_BUNDLE_IDENTIFIER = com.jiemu.commonForm.CYCommonForm;
				PRODUCT_NAME = "$(TARGET_NAME)";
			};
			name = Release;
		};
		0181C3981F62D5A9001288B0 /* Debug */ = {
			isa = XCBuildConfiguration;
			buildSettings = {
				BUNDLE_LOADER = "$(TEST_HOST)";
				DEVELOPMENT_TEAM = 6W64PKR2XE;
				INFOPLIST_FILE = CYCommonFormTests/Info.plist;
				LD_RUNPATH_SEARCH_PATHS = "$(inherited) @executable_path/Frameworks @loader_path/Frameworks";
				PRODUCT_BUNDLE_IDENTIFIER = com.jiemu.commonForm.CYCommonFormTests;
				PRODUCT_NAME = "$(TARGET_NAME)";
				TEST_HOST = "$(BUILT_PRODUCTS_DIR)/CYCommonForm.app/CYCommonForm";
			};
			name = Debug;
		};
		0181C3991F62D5A9001288B0 /* Release */ = {
			isa = XCBuildConfiguration;
			buildSettings = {
				BUNDLE_LOADER = "$(TEST_HOST)";
				DEVELOPMENT_TEAM = 6W64PKR2XE;
				INFOPLIST_FILE = CYCommonFormTests/Info.plist;
				LD_RUNPATH_SEARCH_PATHS = "$(inherited) @executable_path/Frameworks @loader_path/Frameworks";
				PRODUCT_BUNDLE_IDENTIFIER = com.jiemu.commonForm.CYCommonFormTests;
				PRODUCT_NAME = "$(TARGET_NAME)";
				TEST_HOST = "$(BUILT_PRODUCTS_DIR)/CYCommonForm.app/CYCommonForm";
			};
			name = Release;
		};
		0181C39B1F62D5A9001288B0 /* Debug */ = {
			isa = XCBuildConfiguration;
			buildSettings = {
				DEVELOPMENT_TEAM = 6W64PKR2XE;
				INFOPLIST_FILE = CYCommonFormUITests/Info.plist;
				LD_RUNPATH_SEARCH_PATHS = "$(inherited) @executable_path/Frameworks @loader_path/Frameworks";
				PRODUCT_BUNDLE_IDENTIFIER = com.jiemu.commonForm.CYCommonFormUITests;
				PRODUCT_NAME = "$(TARGET_NAME)";
				TEST_TARGET_NAME = CYCommonForm;
			};
			name = Debug;
		};
		0181C39C1F62D5A9001288B0 /* Release */ = {
			isa = XCBuildConfiguration;
			buildSettings = {
				DEVELOPMENT_TEAM = 6W64PKR2XE;
				INFOPLIST_FILE = CYCommonFormUITests/Info.plist;
				LD_RUNPATH_SEARCH_PATHS = "$(inherited) @executable_path/Frameworks @loader_path/Frameworks";
				PRODUCT_BUNDLE_IDENTIFIER = com.jiemu.commonForm.CYCommonFormUITests;
				PRODUCT_NAME = "$(TARGET_NAME)";
				TEST_TARGET_NAME = CYCommonForm;
			};
			name = Release;
		};
/* End XCBuildConfiguration section */

/* Begin XCConfigurationList section */
		0181C3621F62D5A8001288B0 /* Build configuration list for PBXProject "CYCommonForm" */ = {
			isa = XCConfigurationList;
			buildConfigurations = (
				0181C3921F62D5A9001288B0 /* Debug */,
				0181C3931F62D5A9001288B0 /* Release */,
			);
			defaultConfigurationIsVisible = 0;
			defaultConfigurationName = Release;
		};
		0181C3941F62D5A9001288B0 /* Build configuration list for PBXNativeTarget "CYCommonForm" */ = {
			isa = XCConfigurationList;
			buildConfigurations = (
				0181C3951F62D5A9001288B0 /* Debug */,
				0181C3961F62D5A9001288B0 /* Release */,
			);
			defaultConfigurationIsVisible = 0;
		};
		0181C3971F62D5A9001288B0 /* Build configuration list for PBXNativeTarget "CYCommonFormTests" */ = {
			isa = XCConfigurationList;
			buildConfigurations = (
				0181C3981F62D5A9001288B0 /* Debug */,
				0181C3991F62D5A9001288B0 /* Release */,
			);
			defaultConfigurationIsVisible = 0;
		};
		0181C39A1F62D5A9001288B0 /* Build configuration list for PBXNativeTarget "CYCommonFormUITests" */ = {
			isa = XCConfigurationList;
			buildConfigurations = (
				0181C39B1F62D5A9001288B0 /* Debug */,
				0181C39C1F62D5A9001288B0 /* Release */,
			);
			defaultConfigurationIsVisible = 0;
		};
/* End XCConfigurationList section */
	};
	rootObject = 0181C35F1F62D5A8001288B0 /* Project object */;
}
